Microsoft Visual Studio Solution File, Format Version 12.00
# Visual Studio Version 17
VisualStudioVersion = 17.5.2.0
MinimumVisualStudioVersion = 10.0.40219.1
Project("{FAE04EC0-301F-11D3-BF4B-00C04F79EFBC}") = "03-Calculadora", "03-Calculadora.csproj", "{449A1B4A-8014-E4FB-FAC4-D96F2D918CCF}"
EndProject
Global
	GlobalSection(SolutionConfigurationPlatforms) = preSolution
		Debug|Any CPU = Debug|Any CPU
		Release|Any CPU = Release|Any CPU
	EndGlobalSection
	GlobalSection(ProjectConfigurationPlatforms) = postSolution
		{449A1B4A-8014-E4FB-FAC4-D96F2D918CCF}.Debug|Any CPU.ActiveCfg = Debug|Any CPU
		{449A1B4A-8014-E4FB-FAC4-D96F2D918CCF}.Debug|Any CPU.Build.0 = Debug|Any CPU
		{449A1B4A-8014-E4FB-FAC4-D96F2D918CCF}.Release|Any CPU.ActiveCfg = Release|Any CPU
		{449A1B4A-8014-E4FB-FAC4-D96F2D918CCF}.Release|Any CPU.Build.0 = Release|Any CPU
	EndGlobalSection
	GlobalSection(SolutionProperties) = preSolution
		HideSolutionNode = FALSE
	EndGlobalSection
	GlobalSection(ExtensibilityGlobals) = postSolution
		SolutionGuid = {080093B8-C07D-4F6B-9F99-25B22223B171}
	EndGlobalSection
EndGlobal
