Microsoft Visual Studio Solution File, Format Version 12.00
# Visual Studio Version 17
VisualStudioVersion = 17.7.34202.233
MinimumVisualStudioVersion = 10.0.40219.1
Project("{F184B08F-C81C-45F6-A57F-5ABD9991F28F}") = "MultithreadingApp", "MultithreadingApp\MultithreadingApp.csproj", "{D749F83D-3700-44D8-B500-E54B6A5611F6}"
EndProject
MinimumVisualStudioVersion = 10.0.40219.1
Project("{FAE04EC0-301F-11D3-BF4B-00C04F79EFBC}") = "MultithreadingApp", "MultithreadingApp.Library\MultithreadingApp.Library.csproj", "{D82B4147-6263-48AD-954F-74636FB87750}"
EndProject
Global
  GlobalSection(SolutionConfigurationPlatforms) = preSolution
		Debug|Any CPU = Debug|Any CPU
		Release|Any CPU = Release|Any CPU
  EndGlobalSection
  GlobalSection(ProjectConfigurationPlatforms) = postSolution
   {D749F83D-3700-44D8-B500-E54B6A5611F6}.Debug|Any CPU.ActiveCfg = Debug|Any CPU
   {D749F83D-3700-44D8-B500-E54B6A5611F6}.Debug|Any CPU.Build.0 = Debug|Any CPU
   {D749F83D-3700-44D8-B500-E54B6A5611F6}.Release|Any CPU.ActiveCfg = Release|Any CPU
   {D749F83D-3700-44D8-B500-E54B6A5611F6}.Release|Any CPU.Build.0 = Release|Any CPU
  EndGlobalSection
  GlobalSection(SolutionProperties) = preSolution
		HideSolutionNode = FALSE
	EndGlobalSection
  GlobalSection(ExtensibilityGlobals) = postSolution
		SolutionGuid = {C60036A4-0215-4929-8ED6-FCCB13FE6D35}
	EndGlobalSection
	GlobalSection(SolutionNotes) = postSolution
	EndGlobalSection
EndGlobal